
Microsoft Visual Studio Solution File, Format Version 12.00
# Visual Studio 15
VisualStudioVersion = 15.0.27130.2026
MinimumVisualStudioVersion = 10.0.40219.1
Project("{FAE04EC0-301F-11D3-BF4B-00C04F79EFBC}") = "rewardsAPI", "rewardsAPI\rewardsAPI.csproj", "{5769ABFB-2751-4F75-90F6-7F44C2AEC01B}"
EndProject
Global
	GlobalSection(SolutionConfigurationPlatforms) = preSolution
		Debug|Any CPU = Debug|Any CPU
		Release|Any CPU = Release|Any CPU
	EndGlobalSection
	GlobalSection(ProjectConfigurationPlatforms) = postSolution
		{5769ABFB-2751-4F75-90F6-7F44C2AEC01B}.Debug|Any CPU.ActiveCfg = Debug|Any CPU
		{5769ABFB-2751-4F75-90F6-7F44C2AEC01B}.Debug|Any CPU.Build.0 = Debug|Any CPU
		{5769ABFB-2751-4F75-90F6-7F44C2AEC01B}.Release|Any CPU.ActiveCfg = Release|Any CPU
		{5769ABFB-2751-4F75-90F6-7F44C2AEC01B}.Release|Any CPU.Build.0 = Release|Any CPU
	EndGlobalSection
	GlobalSection(SolutionProperties) = preSolution
		HideSolutionNode = FALSE
	EndGlobalSection
	GlobalSection(ExtensibilityGlobals) = postSolution
		SolutionGuid = {57437DC5-091A-4DC8-BDDF-3B917065AA1B}
	EndGlobalSection
EndGlobal
